
Microsoft Visual Studio Solution File, Format Version 12.00
# Visual Studio 15
VisualStudioVersion = 15.0.26124.0
MinimumVisualStudioVersion = 15.0.26124.0
Project("{FAE04EC0-301F-11D3-BF4B-00C04F79EFBC}") = "AutoFixture", "AutoFixture\AutoFixture.csproj", "{C4FB2619-030F-4DF9-976F-CD35CD7B9363}"
EndProject
Project("{FAE04EC0-301F-11D3-BF4B-00C04F79EFBC}") = "TestTypeFoundation", "TestTypeFoundation\TestTypeFoundation.csproj", "{62D73026-9A6F-4FA3-AC15-3902FD233EBF}"
EndProject
Project("{FAE04EC0-301F-11D3-BF4B-00C04F79EFBC}") = "AutoFixtureUnitTest", "AutoFixtureUnitTest\AutoFixtureUnitTest.csproj", "{FFEFCE3C-1FC9-4189-A402-695D781F2C76}"
EndProject
Project("{FAE04EC0-301F-11D3-BF4B-00C04F79EFBC}") = "AutoRocks", "AutoRocks\AutoRocks.csproj", "{33A6E840-509C-4067-9EA5-43548E1BA58F}"
EndProject
Project("{FAE04EC0-301F-11D3-BF4B-00C04F79EFBC}") = "AutoRocksUnitTest", "AutoRocksUnitTest\AutoRocksUnitTest.csproj", "{B9F4BAC7-922A-4E01-B61E-619893A3AD31}"
EndProject
Global
	GlobalSection(SolutionConfigurationPlatforms) = preSolution
		Debug|Any CPU = Debug|Any CPU
		Debug|x64 = Debug|x64
		Debug|x86 = Debug|x86
		Release|Any CPU = Release|Any CPU
		Release|x64 = Release|x64
		Release|x86 = Release|x86
	EndGlobalSection
	GlobalSection(SolutionProperties) = preSolution
		HideSolutionNode = FALSE
	EndGlobalSection
	GlobalSection(ProjectConfigurationPlatforms) = postSolution
		{C4FB2619-030F-4DF9-976F-CD35CD7B9363}.Debug|Any CPU.ActiveCfg = Debug|Any CPU
		{C4FB2619-030F-4DF9-976F-CD35CD7B9363}.Debug|Any CPU.Build.0 = Debug|Any CPU
		{C4FB2619-030F-4DF9-976F-CD35CD7B9363}.Debug|x64.ActiveCfg = Debug|Any CPU
		{C4FB2619-030F-4DF9-976F-CD35CD7B9363}.Debug|x64.Build.0 = Debug|Any CPU
		{C4FB2619-030F-4DF9-976F-CD35CD7B9363}.Debug|x86.ActiveCfg = Debug|Any CPU
		{C4FB2619-030F-4DF9-976F-CD35CD7B9363}.Debug|x86.Build.0 = Debug|Any CPU
		{C4FB2619-030F-4DF9-976F-CD35CD7B9363}.Release|Any CPU.ActiveCfg = Release|Any CPU
		{C4FB2619-030F-4DF9-976F-CD35CD7B9363}.Release|Any CPU.Build.0 = Release|Any CPU
		{C4FB2619-030F-4DF9-976F-CD35CD7B9363}.Release|x64.ActiveCfg = Release|Any CPU
		{C4FB2619-030F-4DF9-976F-CD35CD7B9363}.Release|x64.Build.0 = Release|Any CPU
		{C4FB2619-030F-4DF9-976F-CD35CD7B9363}.Release|x86.ActiveCfg = Release|Any CPU
		{C4FB2619-030F-4DF9-976F-CD35CD7B9363}.Release|x86.Build.0 = Release|Any CPU
		{62D73026-9A6F-4FA3-AC15-3902FD233EBF}.Debug|Any CPU.ActiveCfg = Debug|Any CPU
		{62D73026-9A6F-4FA3-AC15-3902FD233EBF}.Debug|Any CPU.Build.0 = Debug|Any CPU
		{62D73026-9A6F-4FA3-AC15-3902FD233EBF}.Debug|x64.ActiveCfg = Debug|Any CPU
		{62D73026-9A6F-4FA3-AC15-3902FD233EBF}.Debug|x64.Build.0 = Debug|Any CPU
		{62D73026-9A6F-4FA3-AC15-3902FD233EBF}.Debug|x86.ActiveCfg = Debug|Any CPU
		{62D73026-9A6F-4FA3-AC15-3902FD233EBF}.Debug|x86.Build.0 = Debug|Any CPU
		{62D73026-9A6F-4FA3-AC15-3902FD233EBF}.Release|Any CPU.ActiveCfg = Release|Any CPU
		{62D73026-9A6F-4FA3-AC15-3902FD233EBF}.Release|Any CPU.Build.0 = Release|Any CPU
		{62D73026-9A6F-4FA3-AC15-3902FD233EBF}.Release|x64.ActiveCfg = Release|Any CPU
		{62D73026-9A6F-4FA3-AC15-3902FD233EBF}.Release|x64.Build.0 = Release|Any CPU
		{62D73026-9A6F-4FA3-AC15-3902FD233EBF}.Release|x86.ActiveCfg = Release|Any CPU
		{62D73026-9A6F-4FA3-AC15-3902FD233EBF}.Release|x86.Build.0 = Release|Any CPU
		{FFEFCE3C-1FC9-4189-A402-695D781F2C76}.Debug|Any CPU.ActiveCfg = Debug|Any CPU
		{FFEFCE3C-1FC9-4189-A402-695D781F2C76}.Debug|Any CPU.Build.0 = Debug|Any CPU
		{FFEFCE3C-1FC9-4189-A402-695D781F2C76}.Debug|x64.ActiveCfg = Debug|Any CPU
		{FFEFCE3C-1FC9-4189-A402-695D781F2C76}.Debug|x64.Build.0 = Debug|Any CPU
		{FFEFCE3C-1FC9-4189-A402-695D781F2C76}.Debug|x86.ActiveCfg = Debug|Any CPU
		{FFEFCE3C-1FC9-4189-A402-695D781F2C76}.Debug|x86.Build.0 = Debug|Any CPU
		{FFEFCE3C-1FC9-4189-A402-695D781F2C76}.Release|Any CPU.ActiveCfg = Release|Any CPU
		{FFEFCE3C-1FC9-4189-A402-695D781F2C76}.Release|Any CPU.Build.0 = Release|Any CPU
		{FFEFCE3C-1FC9-4189-A402-695D781F2C76}.Release|x64.ActiveCfg = Release|Any CPU
		{FFEFCE3C-1FC9-4189-A402-695D781F2C76}.Release|x64.Build.0 = Release|Any CPU
		{FFEFCE3C-1FC9-4189-A402-695D781F2C76}.Release|x86.ActiveCfg = Release|Any CPU
		{FFEFCE3C-1FC9-4189-A402-695D781F2C76}.Release|x86.Build.0 = Release|Any CPU
		{33A6E840-509C-4067-9EA5-43548E1BA58F}.Debug|Any CPU.ActiveCfg = Debug|Any CPU
		{33A6E840-509C-4067-9EA5-43548E1BA58F}.Debug|Any CPU.Build.0 = Debug|Any CPU
		{33A6E840-509C-4067-9EA5-43548E1BA58F}.Debug|x64.ActiveCfg = Debug|Any CPU
		{33A6E840-509C-4067-9EA5-43548E1BA58F}.Debug|x64.Build.0 = Debug|Any CPU
		{33A6E840-509C-4067-9EA5-43548E1BA58F}.Debug|x86.ActiveCfg = Debug|Any CPU
		{33A6E840-509C-4067-9EA5-43548E1BA58F}.Debug|x86.Build.0 = Debug|Any CPU
		{33A6E840-509C-4067-9EA5-43548E1BA58F}.Release|Any CPU.ActiveCfg = Release|Any CPU
		{33A6E840-509C-4067-9EA5-43548E1BA58F}.Release|Any CPU.Build.0 = Release|Any CPU
		{33A6E840-509C-4067-9EA5-43548E1BA58F}.Release|x64.ActiveCfg = Release|Any CPU
		{33A6E840-509C-4067-9EA5-43548E1BA58F}.Release|x64.Build.0 = Release|Any CPU
		{33A6E840-509C-4067-9EA5-43548E1BA58F}.Release|x86.ActiveCfg = Release|Any CPU
		{33A6E840-509C-4067-9EA5-43548E1BA58F}.Release|x86.Build.0 = Release|Any CPU
		{B9F4BAC7-922A-4E01-B61E-619893A3AD31}.Debug|Any CPU.ActiveCfg = Debug|Any CPU
		{B9F4BAC7-922A-4E01-B61E-619893A3AD31}.Debug|Any CPU.Build.0 = Debug|Any CPU
		{B9F4BAC7-922A-4E01-B61E-619893A3AD31}.Debug|x64.ActiveCfg = Debug|Any CPU
		{B9F4BAC7-922A-4E01-B61E-619893A3AD31}.Debug|x64.Build.0 = Debug|Any CPU
		{B9F4BAC7-922A-4E01-B61E-619893A3AD31}.Debug|x86.ActiveCfg = Debug|Any CPU
		{B9F4BAC7-922A-4E01-B61E-619893A3AD31}.Debug|x86.Build.0 = Debug|Any CPU
		{B9F4BAC7-922A-4E01-B61E-619893A3AD31}.Release|Any CPU.ActiveCfg = Release|Any CPU
		{B9F4BAC7-922A-4E01-B61E-619893A3AD31}.Release|Any CPU.Build.0 = Release|Any CPU
		{B9F4BAC7-922A-4E01-B61E-619893A3AD31}.Release|x64.ActiveCfg = Release|Any CPU
		{B9F4BAC7-922A-4E01-B61E-619893A3AD31}.Release|x64.Build.0 = Release|Any CPU
		{B9F4BAC7-922A-4E01-B61E-619893A3AD31}.Release|x86.ActiveCfg = Release|Any CPU
		{B9F4BAC7-922A-4E01-B61E-619893A3AD31}.Release|x86.Build.0 = Release|Any CPU
	EndGlobalSection
EndGlobal
